
Microsoft Visual Studio Solution File, Format Version 12.00
# Visual Studio 15
VisualStudioVersion = 15.0.27004.2008
MinimumVisualStudioVersion = 10.0.40219.1
Project("{2150E333-8FDC-42A3-9474-1A3956D46DE8}") = "Solution Items", "Solution Items", "{5202E214-7CA8-4AB8-A6AE-4F5E935631B9}"
	ProjectSection(SolutionItems) = preProject
		LICENSE.md = LICENSE.md
		pack-nuget.ps1 = pack-nuget.ps1
		README.md = README.md
		stylecop.json = stylecop.json
	EndProjectSection
EndProject
Project("{2150E333-8FDC-42A3-9474-1A3956D46DE8}") = "src", "src", "{01895410-4819-4E5D-A540-CFCF54E77D17}"
EndProject
Project("{2150E333-8FDC-42A3-9474-1A3956D46DE8}") = "test", "test", "{71A03DC6-87DD-4E38-B82E-3CFF8F6EAF40}"
EndProject
Project("{9A19103F-16F7-4668-BE54-9A1E7A4F7556}") = "Dataline.Elster", "src\Dataline.Elster\Dataline.Elster.csproj", "{ED8DEEFE-F8A1-4126-B746-FCB6EA0D780E}"
EndProject
Project("{9A19103F-16F7-4668-BE54-9A1E7A4F7556}") = "Dataline.Elster.Test", "test\Dataline.Elster.Test\Dataline.Elster.Test.csproj", "{C5F8E4F9-9DB8-4C58-BF9D-D9D4D1367623}"
EndProject
Global
	GlobalSection(SolutionConfigurationPlatforms) = preSolution
		Debug|Any CPU = Debug|Any CPU
		Release|Any CPU = Release|Any CPU
	EndGlobalSection
	GlobalSection(ProjectConfigurationPlatforms) = postSolution
		{ED8DEEFE-F8A1-4126-B746-FCB6EA0D780E}.Debug|Any CPU.ActiveCfg = Debug|Any CPU
		{ED8DEEFE-F8A1-4126-B746-FCB6EA0D780E}.Debug|Any CPU.Build.0 = Debug|Any CPU
		{ED8DEEFE-F8A1-4126-B746-FCB6EA0D780E}.Release|Any CPU.ActiveCfg = Release|Any CPU
		{ED8DEEFE-F8A1-4126-B746-FCB6EA0D780E}.Release|Any CPU.Build.0 = Release|Any CPU
		{C5F8E4F9-9DB8-4C58-BF9D-D9D4D1367623}.Debug|Any CPU.ActiveCfg = Debug|Any CPU
		{C5F8E4F9-9DB8-4C58-BF9D-D9D4D1367623}.Debug|Any CPU.Build.0 = Debug|Any CPU
		{C5F8E4F9-9DB8-4C58-BF9D-D9D4D1367623}.Release|Any CPU.ActiveCfg = Release|Any CPU
		{C5F8E4F9-9DB8-4C58-BF9D-D9D4D1367623}.Release|Any CPU.Build.0 = Release|Any CPU
	EndGlobalSection
	GlobalSection(SolutionProperties) = preSolution
		HideSolutionNode = FALSE
	EndGlobalSection
	GlobalSection(NestedProjects) = preSolution
		{ED8DEEFE-F8A1-4126-B746-FCB6EA0D780E} = {01895410-4819-4E5D-A540-CFCF54E77D17}
		{C5F8E4F9-9DB8-4C58-BF9D-D9D4D1367623} = {71A03DC6-87DD-4E38-B82E-3CFF8F6EAF40}
	EndGlobalSection
	GlobalSection(ExtensibilityGlobals) = postSolution
		SolutionGuid = {23505F2B-BF0D-46CC-AA29-04863FB32DCC}
	EndGlobalSection
EndGlobal
